
Microsoft Visual Studio Solution File, Format Version 12.00
# Visual Studio Version 17
VisualStudioVersion = 17.3.32819.101
MinimumVisualStudioVersion = 10.0.40219.1
Project("{9A19103F-16F7-4668-BE54-9A1E7A4F7556}") = "Metal.Core", "Metal.Core\Metal.Core.csproj", "{70DC07A1-D76B-4858-B18E-63464A80123C}"
EndProject
Project("{9A19103F-16F7-4668-BE54-9A1E7A4F7556}") = "Metal.Core.CLI", "Metal.Core.CLI\Metal.Core.CLI.csproj", "{2A7EA7A4-18C7-4FA4-80A1-5F8D7FEAA429}"
EndProject
Project("{2150E333-8FDC-42A3-9474-1A3956D46DE8}") = "Solution Items", "Solution Items", "{5F7D7728-E606-48A0-994D-CB81C20CC3A5}"
	ProjectSection(SolutionItems) = preProject
		ExampleScript\helloworld.metal = ExampleScript\helloworld.metal
	EndProjectSection
EndProject
Project("{FAE04EC0-301F-11D3-BF4B-00C04F79EFBC}") = "MetaL.Test", "MetaL.Test\MetaL.Test.csproj", "{8D9B5543-0924-4C4C-B05B-C75730B9E242}"
EndProject
Global
	GlobalSection(SolutionConfigurationPlatforms) = preSolution
		Debug|Any CPU = Debug|Any CPU
		Release|Any CPU = Release|Any CPU
	EndGlobalSection
	GlobalSection(ProjectConfigurationPlatforms) = postSolution
		{70DC07A1-D76B-4858-B18E-63464A80123C}.Debug|Any CPU.ActiveCfg = Debug|Any CPU
		{70DC07A1-D76B-4858-B18E-63464A80123C}.Debug|Any CPU.Build.0 = Debug|Any CPU
		{70DC07A1-D76B-4858-B18E-63464A80123C}.Release|Any CPU.ActiveCfg = Release|Any CPU
		{70DC07A1-D76B-4858-B18E-63464A80123C}.Release|Any CPU.Build.0 = Release|Any CPU
		{2A7EA7A4-18C7-4FA4-80A1-5F8D7FEAA429}.Debug|Any CPU.ActiveCfg = Debug|Any CPU
		{2A7EA7A4-18C7-4FA4-80A1-5F8D7FEAA429}.Debug|Any CPU.Build.0 = Debug|Any CPU
		{2A7EA7A4-18C7-4FA4-80A1-5F8D7FEAA429}.Release|Any CPU.ActiveCfg = Release|Any CPU
		{2A7EA7A4-18C7-4FA4-80A1-5F8D7FEAA429}.Release|Any CPU.Build.0 = Release|Any CPU
		{8D9B5543-0924-4C4C-B05B-C75730B9E242}.Debug|Any CPU.ActiveCfg = Debug|Any CPU
		{8D9B5543-0924-4C4C-B05B-C75730B9E242}.Debug|Any CPU.Build.0 = Debug|Any CPU
		{8D9B5543-0924-4C4C-B05B-C75730B9E242}.Release|Any CPU.ActiveCfg = Release|Any CPU
		{8D9B5543-0924-4C4C-B05B-C75730B9E242}.Release|Any CPU.Build.0 = Release|Any CPU
	EndGlobalSection
	GlobalSection(SolutionProperties) = preSolution
		HideSolutionNode = FALSE
	EndGlobalSection
	GlobalSection(ExtensibilityGlobals) = postSolution
		SolutionGuid = {B27F1808-871D-4926-A7AA-9667BCE524D6}
	EndGlobalSection
EndGlobal
